
Microsoft Visual Studio Solution File, Format Version 12.00
# Visual Studio 15
VisualStudioVersion = 15.0.27130.2027
MinimumVisualStudioVersion = 10.0.40219.1
Project("{FAE04EC0-301F-11D3-BF4B-00C04F79EFBC}") = "KarakuriPuppet", "KarakuriPuppet\KarakuriPuppet.csproj", "{DC098BBF-FDCF-4AA1-8A0B-9FD2C028C866}"
EndProject
Global
	GlobalSection(SolutionConfigurationPlatforms) = preSolution
		Debug|Any CPU = Debug|Any CPU
		Release|Any CPU = Release|Any CPU
	EndGlobalSection
	GlobalSection(ProjectConfigurationPlatforms) = postSolution
		{DC098BBF-FDCF-4AA1-8A0B-9FD2C028C866}.Debug|Any CPU.ActiveCfg = Debug|Any CPU
		{DC098BBF-FDCF-4AA1-8A0B-9FD2C028C866}.Debug|Any CPU.Build.0 = Debug|Any CPU
		{DC098BBF-FDCF-4AA1-8A0B-9FD2C028C866}.Release|Any CPU.ActiveCfg = Release|Any CPU
		{DC098BBF-FDCF-4AA1-8A0B-9FD2C028C866}.Release|Any CPU.Build.0 = Release|Any CPU
	EndGlobalSection
	GlobalSection(SolutionProperties) = preSolution
		HideSolutionNode = FALSE
	EndGlobalSection
	GlobalSection(ExtensibilityGlobals) = postSolution
		SolutionGuid = {04E83A90-FAB5-49DD-AF6D-2FEAEDC3B3FD}
	EndGlobalSection
EndGlobal
